
Microsoft Visual Studio Solution File, Format Version 12.00
# Visual Studio 15
VisualStudioVersion = 15.0.27004.2005
MinimumVisualStudioVersion = 10.0.40219.1
Project("{FAE04EC0-301F-11D3-BF4B-00C04F79EFBC}") = "AnyCompany", "AnyCompany\AnyCompany.csproj", "{C7E15594-7D8F-4C18-9DD7-14F3FBB1572D}"
EndProject
Project("{FAE04EC0-301F-11D3-BF4B-00C04F79EFBC}") = "AnyCompany.Tests", "AnyCompany.Tests\AnyCompany.Tests.csproj", "{CD5D577E-BDC9-4DFC-AC6A-B1DA474995F3}"
EndProject
Project("{2150E333-8FDC-42A3-9474-1A3956D46DE8}") = "Solution Items", "Solution Items", "{B6D3C1BB-2A37-4E17-9EE3-DEF28286E782}"
	ProjectSection(SolutionItems) = preProject
		Instructions.txt = Instructions.txt
	EndProjectSection
EndProject
Global
	GlobalSection(SolutionConfigurationPlatforms) = preSolution
		Debug|Any CPU = Debug|Any CPU
		Release|Any CPU = Release|Any CPU
	EndGlobalSection
	GlobalSection(ProjectConfigurationPlatforms) = postSolution
		{C7E15594-7D8F-4C18-9DD7-14F3FBB1572D}.Debug|Any CPU.ActiveCfg = Debug|Any CPU
		{C7E15594-7D8F-4C18-9DD7-14F3FBB1572D}.Debug|Any CPU.Build.0 = Debug|Any CPU
		{C7E15594-7D8F-4C18-9DD7-14F3FBB1572D}.Release|Any CPU.ActiveCfg = Release|Any CPU
		{C7E15594-7D8F-4C18-9DD7-14F3FBB1572D}.Release|Any CPU.Build.0 = Release|Any CPU
		{CD5D577E-BDC9-4DFC-AC6A-B1DA474995F3}.Debug|Any CPU.ActiveCfg = Debug|Any CPU
		{CD5D577E-BDC9-4DFC-AC6A-B1DA474995F3}.Debug|Any CPU.Build.0 = Debug|Any CPU
		{CD5D577E-BDC9-4DFC-AC6A-B1DA474995F3}.Release|Any CPU.ActiveCfg = Release|Any CPU
		{CD5D577E-BDC9-4DFC-AC6A-B1DA474995F3}.Release|Any CPU.Build.0 = Release|Any CPU
	EndGlobalSection
	GlobalSection(SolutionProperties) = preSolution
		HideSolutionNode = FALSE
	EndGlobalSection
	GlobalSection(ExtensibilityGlobals) = postSolution
		SolutionGuid = {4D629674-23F9-49DA-971E-77A5D7A7C39D}
	EndGlobalSection
EndGlobal
